// !$*UTF8*$!
{
	archiveVersion = 1;
	classes = {
	};
	objectVersion = 48;
	objects = {

/* Begin PBXBuildFile section */
		1DA1B657F7B4CBDB7F15A7FF /* libPods-CoverMe.a in Frameworks */ = {isa = PBXBuildFile; fileRef = BEB665998D408CC41862CC4B /* libPods-CoverMe.a */; };
		2BD1D870220F8141E54EF502 /* libPods-CoverMeUITests.a in Frameworks */ = {isa = PBXBuildFile; fileRef = 23B295DCC195DB3A618C7600 /* libPods-CoverMeUITests.a */; };
		5A04F2E51FCE68DA00F15CE7 /* GoogleService-Info.plist in Resources */ = {isa = PBXBuildFile; fileRef = 5A04F2E41FCE68DA00F15CE7 /* GoogleService-Info.plist */; };
		5A04F2E71FCE691700F15CE7 /* GoogleService-Info.plist in Resources */ = {isa = PBXBuildFile; fileRef = 5A04F2E61FCE691600F15CE7 /* GoogleService-Info.plist */; };
		5A04F2E81FCE691700F15CE7 /* GoogleService-Info.plist in Resources */ = {isa = PBXBuildFile; fileRef = 5A04F2E61FCE691600F15CE7 /* GoogleService-Info.plist */; };
		5A04F2E91FCE691700F15CE7 /* GoogleService-Info.plist in Resources */ = {isa = PBXBuildFile; fileRef = 5A04F2E61FCE691600F15CE7 /* GoogleService-Info.plist */; };
		5A680E5A1FC4111A002E1E9E /* EmployeeViewController.m in Sources */ = {isa = PBXBuildFile; fileRef = 5A680E591FC4111A002E1E9E /* EmployeeViewController.m */; };
		5A7F8A851FC5F4A900FEFA2B /* OverViewController.m in Sources */ = {isa = PBXBuildFile; fileRef = 5A7F8A841FC5F4A900FEFA2B /* OverViewController.m */; };
		5AF93EC01FCF5A160083FDE2 /* User.m in Sources */ = {isa = PBXBuildFile; fileRef = 5AF93EBF1FCF5A160083FDE2 /* User.m */; };
		D8A59E131FB8DFAD00B4F9A5 /* AppDelegate.m in Sources */ = {isa = PBXBuildFile; fileRef = D8A59E121FB8DFAD00B4F9A5 /* AppDelegate.m */; };
		D8A59E161FB8DFAD00B4F9A5 /* ViewController.m in Sources */ = {isa = PBXBuildFile; fileRef = D8A59E151FB8DFAD00B4F9A5 /* ViewController.m */; };
		D8A59E191FB8DFAD00B4F9A5 /* Main.storyboard in Resources */ = {isa = PBXBuildFile; fileRef = D8A59E171FB8DFAD00B4F9A5 /* Main.storyboard */; };
		D8A59E1B1FB8DFAD00B4F9A5 /* Assets.xcassets in Resources */ = {isa = PBXBuildFile; fileRef = D8A59E1A1FB8DFAD00B4F9A5 /* Assets.xcassets */; };
		D8A59E1E1FB8DFAD00B4F9A5 /* LaunchScreen.storyboard in Resources */ = {isa = PBXBuildFile; fileRef = D8A59E1C1FB8DFAD00B4F9A5 /* LaunchScreen.storyboard */; };
		D8A59E211FB8DFAD00B4F9A5 /* main.m in Sources */ = {isa = PBXBuildFile; fileRef = D8A59E201FB8DFAD00B4F9A5 /* main.m */; };
		D8A59E2B1FB8DFAD00B4F9A5 /* CoverMeTests.m in Sources */ = {isa = PBXBuildFile; fileRef = D8A59E2A1FB8DFAD00B4F9A5 /* CoverMeTests.m */; };
		D8A59E361FB8DFAD00B4F9A5 /* CoverMeUITests.m in Sources */ = {isa = PBXBuildFile; fileRef = D8A59E351FB8DFAD00B4F9A5 /* CoverMeUITests.m */; };
		D8F79B6D1FD4D12E0002A94A /* GoogleService-Info.plist in Resources */ = {isa = PBXBuildFile; fileRef = D8F79B6C1FD4D12E0002A94A /* GoogleService-Info.plist */; };
		FD1BBEFB0B94721419AE4F53 /* libPods-CoverMeTests.a in Frameworks */ = {isa = PBXBuildFile; fileRef = 32B67F9AA48F751E0128E178 /* libPods-CoverMeTests.a */; };
/* End PBXBuildFile section */

/* Begin PBXContainerItemProxy section */
		D8A59E271FB8DFAD00B4F9A5 /* PBXContainerItemProxy */ = {
			isa = PBXContainerItemProxy;
			containerPortal = D8A59E061FB8DFAD00B4F9A5 /* Project object */;
			proxyType = 1;
			remoteGlobalIDString = D8A59E0D1FB8DFAD00B4F9A5;
			remoteInfo = CoverMe;
		};
		D8A59E321FB8DFAD00B4F9A5 /* PBXContainerItemProxy */ = {
			isa = PBXContainerItemProxy;
			containerPortal = D8A59E061FB8DFAD00B4F9A5 /* Project object */;
			proxyType = 1;
			remoteGlobalIDString = D8A59E0D1FB8DFAD00B4F9A5;
			remoteInfo = CoverMe;
		};
/* End PBXContainerItemProxy section */

/* Begin PBXFileReference section */
		173119A7E625D949C24CD005 /* Pods-CoverMeUITests.release.xcconfig */ = {isa = PBXFileReference; includeInIndex = 1; lastKnownFileType = text.xcconfig; name = "Pods-CoverMeUITests.release.xcconfig"; path = "Pods/Target Support Files/Pods-CoverMeUITests/Pods-CoverMeUITests.release.xcconfig"; sourceTree = "<group>"; };
		23B295DCC195DB3A618C7600 /* libPods-CoverMeUITests.a */ = {isa = PBXFileReference; explicitFileType = archive.ar; includeInIndex = 0; path = "libPods-CoverMeUITests.a"; sourceTree = BUILT_PRODUCTS_DIR; };
		32B67F9AA48F751E0128E178 /* libPods-CoverMeTests.a */ = {isa = PBXFileReference; explicitFileType = archive.ar; includeInIndex = 0; path = "libPods-CoverMeTests.a"; sourceTree = BUILT_PRODUCTS_DIR; };
		587841C9F4B2A2E995A41D66 /* Pods-CoverMeTests.debug.xcconfig */ = {isa = PBXFileReference; includeInIndex = 1; lastKnownFileType = text.xcconfig; name = "Pods-CoverMeTests.debug.xcconfig"; path = "Pods/Target Support Files/Pods-CoverMeTests/Pods-CoverMeTests.debug.xcconfig"; sourceTree = "<group>"; };
		5A04F2E41FCE68DA00F15CE7 /* GoogleService-Info.plist */ = {isa = PBXFileReference; fileEncoding = 4; lastKnownFileType = text.plist; name = "GoogleService-Info.plist"; path = "../GoogleService-Info.plist"; sourceTree = "<group>"; };
		5A04F2E61FCE691600F15CE7 /* GoogleService-Info.plist */ = {isa = PBXFileReference; fileEncoding = 4; lastKnownFileType = text.plist.xml; path = "GoogleService-Info.plist"; sourceTree = "<group>"; };
		5A680E541FC408CF002E1E9E /* images */ = {isa = PBXFileReference; lastKnownFileType = folder; path = images; sourceTree = "<group>"; };
		5A680E581FC4111A002E1E9E /* EmployeeViewController.h */ = {isa = PBXFileReference; lastKnownFileType = sourcecode.c.h; path = EmployeeViewController.h; sourceTree = "<group>"; };
		5A680E591FC4111A002E1E9E /* EmployeeViewController.m */ = {isa = PBXFileReference; lastKnownFileType = sourcecode.c.objc; path = EmployeeViewController.m; sourceTree = "<group>"; };
		5A7F8A831FC5F4A900FEFA2B /* OverViewController.h */ = {isa = PBXFileReference; lastKnownFileType = sourcecode.c.h; path = OverViewController.h; sourceTree = "<group>"; };
		5A7F8A841FC5F4A900FEFA2B /* OverViewController.m */ = {isa = PBXFileReference; lastKnownFileType = sourcecode.c.objc; path = OverViewController.m; sourceTree = "<group>"; };
		5AF93EBE1FCF5A160083FDE2 /* User.h */ = {isa = PBXFileReference; lastKnownFileType = sourcecode.c.h; path = User.h; sourceTree = "<group>"; };
		5AF93EBF1FCF5A160083FDE2 /* User.m */ = {isa = PBXFileReference; lastKnownFileType = sourcecode.c.objc; path = User.m; sourceTree = "<group>"; };
		A41477940E84C1C5EBC07C10 /* Pods-CoverMe.debug.xcconfig */ = {isa = PBXFileReference; includeInIndex = 1; lastKnownFileType = text.xcconfig; name = "Pods-CoverMe.debug.xcconfig"; path = "Pods/Target Support Files/Pods-CoverMe/Pods-CoverMe.debug.xcconfig"; sourceTree = "<group>"; };
		A9032C64FACC916035CB533D /* Pods-CoverMeTests.release.xcconfig */ = {isa = PBXFileReference; includeInIndex = 1; lastKnownFileType = text.xcconfig; name = "Pods-CoverMeTests.release.xcconfig"; path = "Pods/Target Support Files/Pods-CoverMeTests/Pods-CoverMeTests.release.xcconfig"; sourceTree = "<group>"; };
		BEB665998D408CC41862CC4B /* libPods-CoverMe.a */ = {isa = PBXFileReference; explicitFileType = archive.ar; includeInIndex = 0; path = "libPods-CoverMe.a"; sourceTree = BUILT_PRODUCTS_DIR; };
		D346309D944C8D3DF49152AF /* Pods-CoverMeUITests.debug.xcconfig */ = {isa = PBXFileReference; includeInIndex = 1; lastKnownFileType = text.xcconfig; name = "Pods-CoverMeUITests.debug.xcconfig"; path = "Pods/Target Support Files/Pods-CoverMeUITests/Pods-CoverMeUITests.debug.xcconfig"; sourceTree = "<group>"; };
		D8A59E0E1FB8DFAD00B4F9A5 /* CoverMe.app */ = {isa = PBXFileReference; explicitFileType = wrapper.application; includeInIndex = 0; path = CoverMe.app; sourceTree = BUILT_PRODUCTS_DIR; };
		D8A59E111FB8DFAD00B4F9A5 /* AppDelegate.h */ = {isa = PBXFileReference; lastKnownFileType = sourcecode.c.h; path = AppDelegate.h; sourceTree = "<group>"; };
		D8A59E121FB8DFAD00B4F9A5 /* AppDelegate.m */ = {isa = PBXFileReference; lastKnownFileType = sourcecode.c.objc; path = AppDelegate.m; sourceTree = "<group>"; };
		D8A59E141FB8DFAD00B4F9A5 /* ViewController.h */ = {isa = PBXFileReference; lastKnownFileType = sourcecode.c.h; path = ViewController.h; sourceTree = "<group>"; };
		D8A59E151FB8DFAD00B4F9A5 /* ViewController.m */ = {isa = PBXFileReference; lastKnownFileType = sourcecode.c.objc; path = ViewController.m; sourceTree = "<group>"; };
		D8A59E181FB8DFAD00B4F9A5 /* Base */ = {isa = PBXFileReference; lastKnownFileType = file.storyboard; name = Base; path = Base.lproj/Main.storyboard; sourceTree = "<group>"; };
		D8A59E1A1FB8DFAD00B4F9A5 /* Assets.xcassets */ = {isa = PBXFileReference; lastKnownFileType = folder.assetcatalog; path = Assets.xcassets; sourceTree = "<group>"; };
		D8A59E1D1FB8DFAD00B4F9A5 /* Base */ = {isa = PBXFileReference; lastKnownFileType = file.storyboard; name = Base; path = Base.lproj/LaunchScreen.storyboard; sourceTree = "<group>"; };
		D8A59E1F1FB8DFAD00B4F9A5 /* Info.plist */ = {isa = PBXFileReference; lastKnownFileType = text.plist.xml; path = Info.plist; sourceTree = "<group>"; };
		D8A59E201FB8DFAD00B4F9A5 /* main.m */ = {isa = PBXFileReference; lastKnownFileType = sourcecode.c.objc; path = main.m; sourceTree = "<group>"; };
		D8A59E261FB8DFAD00B4F9A5 /* CoverMeTests.xctest */ = {isa = PBXFileReference; explicitFileType = wrapper.cfbundle; includeInIndex = 0; path = CoverMeTests.xctest; sourceTree = BUILT_PRODUCTS_DIR; };
		D8A59E2A1FB8DFAD00B4F9A5 /* CoverMeTests.m */ = {isa = PBXFileReference; lastKnownFileType = sourcecode.c.objc; path = CoverMeTests.m; sourceTree = "<group>"; };
		D8A59E2C1FB8DFAD00B4F9A5 /* Info.plist */ = {isa = PBXFileReference; lastKnownFileType = text.plist.xml; path = Info.plist; sourceTree = "<group>"; };
		D8A59E311FB8DFAD00B4F9A5 /* CoverMeUITests.xctest */ = {isa = PBXFileReference; explicitFileType = wrapper.cfbundle; includeInIndex = 0; path = CoverMeUITests.xctest; sourceTree = BUILT_PRODUCTS_DIR; };
		D8A59E351FB8DFAD00B4F9A5 /* CoverMeUITests.m */ = {isa = PBXFileReference; lastKnownFileType = sourcecode.c.objc; path = CoverMeUITests.m; sourceTree = "<group>"; };
		D8A59E371FB8DFAD00B4F9A5 /* Info.plist */ = {isa = PBXFileReference; lastKnownFileType = text.plist.xml; path = Info.plist; sourceTree = "<group>"; };
		D8F79B6C1FD4D12E0002A94A /* GoogleService-Info.plist */ = {isa = PBXFileReference; fileEncoding = 4; lastKnownFileType = text.plist.xml; name = "GoogleService-Info.plist"; path = "../../../../../Downloads/GoogleService-Info.plist"; sourceTree = "<group>"; };
		D8F79B6E1FD4D13A0002A94A /* GoogleService-Info.plist */ = {isa = PBXFileReference; lastKnownFileType = text.plist.xml; path = "GoogleService-Info.plist"; sourceTree = "<group>"; };
		DB507A04028FEAB2C8774FD2 /* Pods-CoverMe.release.xcconfig */ = {isa = PBXFileReference; includeInIndex = 1; lastKnownFileType = text.xcconfig; name = "Pods-CoverMe.release.xcconfig"; path = "Pods/Target Support Files/Pods-CoverMe/Pods-CoverMe.release.xcconfig"; sourceTree = "<group>"; };
/* End PBXFileReference section */

/* Begin PBXFrameworksBuildPhase section */
		D8A59E0B1FB8DFAD00B4F9A5 /* Frameworks */ = {
			isa = PBXFrameworksBuildPhase;
			buildActionMask = 2147483647;
			files = (
				1DA1B657F7B4CBDB7F15A7FF /* libPods-CoverMe.a in Frameworks */,
			);
			runOnlyForDeploymentPostprocessing = 0;
		};
		D8A59E231FB8DFAD00B4F9A5 /* Frameworks */ = {
			isa = PBXFrameworksBuildPhase;
			buildActionMask = 2147483647;
			files = (
				FD1BBEFB0B94721419AE4F53 /* libPods-CoverMeTests.a in Frameworks */,
			);
			runOnlyForDeploymentPostprocessing = 0;
		};
		D8A59E2E1FB8DFAD00B4F9A5 /* Frameworks */ = {
			isa = PBXFrameworksBuildPhase;
			buildActionMask = 2147483647;
			files = (
				2BD1D870220F8141E54EF502 /* libPods-CoverMeUITests.a in Frameworks */,
			);
			runOnlyForDeploymentPostprocessing = 0;
		};
/* End PBXFrameworksBuildPhase section */

/* Begin PBXGroup section */
		5AF93EC11FCFCE340083FDE2 /* Google Things */ = {
			isa = PBXGroup;
			children = (
				D8F79B6C1FD4D12E0002A94A /* GoogleService-Info.plist */,
				5A04F2E41FCE68DA00F15CE7 /* GoogleService-Info.plist */,
				5A04F2E61FCE691600F15CE7 /* GoogleService-Info.plist */,
			);
			path = "Google Things";
			sourceTree = "<group>";
		};
		7F2E71112494826D15348269 /* Pods */ = {
			isa = PBXGroup;
			children = (
				A41477940E84C1C5EBC07C10 /* Pods-CoverMe.debug.xcconfig */,
				DB507A04028FEAB2C8774FD2 /* Pods-CoverMe.release.xcconfig */,
				587841C9F4B2A2E995A41D66 /* Pods-CoverMeTests.debug.xcconfig */,
				A9032C64FACC916035CB533D /* Pods-CoverMeTests.release.xcconfig */,
				D346309D944C8D3DF49152AF /* Pods-CoverMeUITests.debug.xcconfig */,
				173119A7E625D949C24CD005 /* Pods-CoverMeUITests.release.xcconfig */,
			);
			name = Pods;
			sourceTree = "<group>";
		};
		D8A59E051FB8DFAD00B4F9A5 = {
			isa = PBXGroup;
			children = (
				D8A59E101FB8DFAD00B4F9A5 /* CoverMe */,
				D8A59E291FB8DFAD00B4F9A5 /* CoverMeTests */,
				D8A59E341FB8DFAD00B4F9A5 /* CoverMeUITests */,
				D8A59E0F1FB8DFAD00B4F9A5 /* Products */,
				7F2E71112494826D15348269 /* Pods */,
				EE3212270B568DBF906D7B6D /* Frameworks */,
			);
			sourceTree = "<group>";
		};
		D8A59E0F1FB8DFAD00B4F9A5 /* Products */ = {
			isa = PBXGroup;
			children = (
				D8A59E0E1FB8DFAD00B4F9A5 /* CoverMe.app */,
				D8A59E261FB8DFAD00B4F9A5 /* CoverMeTests.xctest */,
				D8A59E311FB8DFAD00B4F9A5 /* CoverMeUITests.xctest */,
			);
			name = Products;
			sourceTree = "<group>";
		};
		D8A59E101FB8DFAD00B4F9A5 /* CoverMe */ = {
			isa = PBXGroup;
			children = (
				D8A59E111FB8DFAD00B4F9A5 /* AppDelegate.h */,
				D8A59E121FB8DFAD00B4F9A5 /* AppDelegate.m */,
				5AF93EBE1FCF5A160083FDE2 /* User.h */,
				5AF93EBF1FCF5A160083FDE2 /* User.m */,
				D8A59E141FB8DFAD00B4F9A5 /* ViewController.h */,
				D8A59E151FB8DFAD00B4F9A5 /* ViewController.m */,
				5A7F8A831FC5F4A900FEFA2B /* OverViewController.h */,
				5A7F8A841FC5F4A900FEFA2B /* OverViewController.m */,
				5A680E581FC4111A002E1E9E /* EmployeeViewController.h */,
				5A680E591FC4111A002E1E9E /* EmployeeViewController.m */,
				D8A59E201FB8DFAD00B4F9A5 /* main.m */,
				D8A59E1A1FB8DFAD00B4F9A5 /* Assets.xcassets */,
				D8A59E171FB8DFAD00B4F9A5 /* Main.storyboard */,
				D8A59E1C1FB8DFAD00B4F9A5 /* LaunchScreen.storyboard */,
				D8A59E1F1FB8DFAD00B4F9A5 /* Info.plist */,
				D8F79B6E1FD4D13A0002A94A /* GoogleService-Info.plist */,
				5AF93EC11FCFCE340083FDE2 /* Google Things */,
				5A680E541FC408CF002E1E9E /* images */,
			);
			path = CoverMe;
			sourceTree = "<group>";
		};
		D8A59E291FB8DFAD00B4F9A5 /* CoverMeTests */ = {
			isa = PBXGroup;
			children = (
				D8A59E2A1FB8DFAD00B4F9A5 /* CoverMeTests.m */,
				D8A59E2C1FB8DFAD00B4F9A5 /* Info.plist */,
			);
			path = CoverMeTests;
			sourceTree = "<group>";
		};
		D8A59E341FB8DFAD00B4F9A5 /* CoverMeUITests */ = {
			isa = PBXGroup;
			children = (
				D8A59E351FB8DFAD00B4F9A5 /* CoverMeUITests.m */,
				D8A59E371FB8DFAD00B4F9A5 /* Info.plist */,
			);
			path = CoverMeUITests;
			sourceTree = "<group>";
		};
		EE3212270B568DBF906D7B6D /* Frameworks */ = {
			isa = PBXGroup;
			children = (
				BEB665998D408CC41862CC4B /* libPods-CoverMe.a */,
				32B67F9AA48F751E0128E178 /* libPods-CoverMeTests.a */,
				23B295DCC195DB3A618C7600 /* libPods-CoverMeUITests.a */,
			);
			name = Frameworks;
			sourceTree = "<group>";
		};
/* End PBXGroup section */

/* Begin PBXNativeTarget section */
		D8A59E0D1FB8DFAD00B4F9A5 /* CoverMe */ = {
			isa = PBXNativeTarget;
			buildConfigurationList = D8A59E3A1FB8DFAD00B4F9A5 /* Build configuration list for PBXNativeTarget "CoverMe" */;
			buildPhases = (
				9C0FD03BBE7F7A5883282A04 /* [CP] Check Pods Manifest.lock */,
				D8A59E0A1FB8DFAD00B4F9A5 /* Sources */,
				D8A59E0B1FB8DFAD00B4F9A5 /* Frameworks */,
				D8A59E0C1FB8DFAD00B4F9A5 /* Resources */,
				7733BCD7C52A6AC6F5844CEF /* [CP] Embed Pods Frameworks */,
				B393AF079EFE4F165145B115 /* [CP] Copy Pods Resources */,
			);
			buildRules = (
			);
			dependencies = (
			);
			name = CoverMe;
			productName = CoverMe;
			productReference = D8A59E0E1FB8DFAD00B4F9A5 /* CoverMe.app */;
			productType = "com.apple.product-type.application";
		};
		D8A59E251FB8DFAD00B4F9A5 /* CoverMeTests */ = {
			isa = PBXNativeTarget;
			buildConfigurationList = D8A59E3D1FB8DFAD00B4F9A5 /* Build configuration list for PBXNativeTarget "CoverMeTests" */;
			buildPhases = (
				720077B5204256C5778840E9 /* [CP] Check Pods Manifest.lock */,
				D8A59E221FB8DFAD00B4F9A5 /* Sources */,
				D8A59E231FB8DFAD00B4F9A5 /* Frameworks */,
				D8A59E241FB8DFAD00B4F9A5 /* Resources */,
				E671B1856C804BC9C482F464 /* [CP] Embed Pods Frameworks */,
				076DA83A5DFB54054A490BA2 /* [CP] Copy Pods Resources */,
			);
			buildRules = (
			);
			dependencies = (
				D8A59E281FB8DFAD00B4F9A5 /* PBXTargetDependency */,
			);
			name = CoverMeTests;
			productName = CoverMeTests;
			productReference = D8A59E261FB8DFAD00B4F9A5 /* CoverMeTests.xctest */;
			productType = "com.apple.product-type.bundle.unit-test";
		};
		D8A59E301FB8DFAD00B4F9A5 /* CoverMeUITests */ = {
			isa = PBXNativeTarget;
			buildConfigurationList = D8A59E401FB8DFAD00B4F9A5 /* Build configuration list for PBXNativeTarget "CoverMeUITests" */;
			buildPhases = (
				5E4BC5DF0819A40AE3AEE1B4 /* [CP] Check Pods Manifest.lock */,
				D8A59E2D1FB8DFAD00B4F9A5 /* Sources */,
				D8A59E2E1FB8DFAD00B4F9A5 /* Frameworks */,
				D8A59E2F1FB8DFAD00B4F9A5 /* Resources */,
				4D38B181400EC9F01517233A /* [CP] Embed Pods Frameworks */,
				AE1149099C272FB476D55CF8 /* [CP] Copy Pods Resources */,
			);
			buildRules = (
			);
			dependencies = (
				D8A59E331FB8DFAD00B4F9A5 /* PBXTargetDependency */,
			);
			name = CoverMeUITests;
			productName = CoverMeUITests;
			productReference = D8A59E311FB8DFAD00B4F9A5 /* CoverMeUITests.xctest */;
			productType = "com.apple.product-type.bundle.ui-testing";
		};
/* End PBXNativeTarget section */

/* Begin PBXProject section */
		D8A59E061FB8DFAD00B4F9A5 /* Project object */ = {
			isa = PBXProject;
			attributes = {
				LastUpgradeCheck = 0910;
				ORGANIZATIONNAME = nyu.edu;
				TargetAttributes = {
					D8A59E0D1FB8DFAD00B4F9A5 = {
						CreatedOnToolsVersion = 9.1;
						ProvisioningStyle = Automatic;
					};
					D8A59E251FB8DFAD00B4F9A5 = {
						CreatedOnToolsVersion = 9.1;
						ProvisioningStyle = Automatic;
						TestTargetID = D8A59E0D1FB8DFAD00B4F9A5;
					};
					D8A59E301FB8DFAD00B4F9A5 = {
						CreatedOnToolsVersion = 9.1;
						ProvisioningStyle = Automatic;
						TestTargetID = D8A59E0D1FB8DFAD00B4F9A5;
					};
				};
			};
			buildConfigurationList = D8A59E091FB8DFAD00B4F9A5 /* Build configuration list for PBXProject "CoverMe" */;
			compatibilityVersion = "Xcode 8.0";
			developmentRegion = en;
			hasScannedForEncodings = 0;
			knownRegions = (
				en,
				Base,
			);
			mainGroup = D8A59E051FB8DFAD00B4F9A5;
			productRefGroup = D8A59E0F1FB8DFAD00B4F9A5 /* Products */;
			projectDirPath = "";
			projectRoot = "";
			targets = (
				D8A59E0D1FB8DFAD00B4F9A5 /* CoverMe */,
				D8A59E251FB8DFAD00B4F9A5 /* CoverMeTests */,
				D8A59E301FB8DFAD00B4F9A5 /* CoverMeUITests */,
			);
		};
/* End PBXProject section */

/* Begin PBXResourcesBuildPhase section */
		D8A59E0C1FB8DFAD00B4F9A5 /* Resources */ = {
			isa = PBXResourcesBuildPhase;
			buildActionMask = 2147483647;
			files = (
				D8A59E1E1FB8DFAD00B4F9A5 /* LaunchScreen.storyboard in Resources */,
				5A04F2E51FCE68DA00F15CE7 /* GoogleService-Info.plist in Resources */,
				5A04F2E71FCE691700F15CE7 /* GoogleService-Info.plist in Resources */,
				D8A59E1B1FB8DFAD00B4F9A5 /* Assets.xcassets in Resources */,
				D8A59E191FB8DFAD00B4F9A5 /* Main.storyboard in Resources */,
				D8F79B6D1FD4D12E0002A94A /* GoogleService-Info.plist in Resources */,
			);
			runOnlyForDeploymentPostprocessing = 0;
		};
		D8A59E241FB8DFAD00B4F9A5 /* Resources */ = {
			isa = PBXResourcesBuildPhase;
			buildActionMask = 2147483647;
			files = (
				5A04F2E81FCE691700F15CE7 /* GoogleService-Info.plist in Resources */,
			);
			runOnlyForDeploymentPostprocessing = 0;
		};
		D8A59E2F1FB8DFAD00B4F9A5 /* Resources */ = {
			isa = PBXResourcesBuildPhase;
			buildActionMask = 2147483647;
			files = (
				5A04F2E91FCE691700F15CE7 /* GoogleService-Info.plist in Resources */,
			);
			runOnlyForDeploymentPostprocessing = 0;
		};
/* End PBXResourcesBuildPhase section */

/* Begin PBXShellScriptBuildPhase section */
		076DA83A5DFB54054A490BA2 /* [CP] Copy Pods Resources */ = {
			isa = PBXShellScriptBuildPhase;
			buildActionMask = 2147483647;
			files = (
			);
			inputPaths = (
			);
			name = "[CP] Copy Pods Resources";
			outputPaths = (
			);
			runOnlyForDeploymentPostprocessing = 0;
			shellPath = /bin/sh;
			shellScript = "\"${SRCROOT}/Pods/Target Support Files/Pods-CoverMeTests/Pods-CoverMeTests-resources.sh\"\n";
			showEnvVarsInLog = 0;
		};
		4D38B181400EC9F01517233A /* [CP] Embed Pods Frameworks */ = {
			isa = PBXShellScriptBuildPhase;
			buildActionMask = 2147483647;
			files = (
			);
			inputPaths = (
			);
			name = "[CP] Embed Pods Frameworks";
			outputPaths = (
			);
			runOnlyForDeploymentPostprocessing = 0;
			shellPath = /bin/sh;
			shellScript = "\"${SRCROOT}/Pods/Target Support Files/Pods-CoverMeUITests/Pods-CoverMeUITests-frameworks.sh\"\n";
			showEnvVarsInLog = 0;
		};
		5E4BC5DF0819A40AE3AEE1B4 /* [CP] Check Pods Manifest.lock */ = {
			isa = PBXShellScriptBuildPhase;
			buildActionMask = 2147483647;
			files = (
			);
			inputPaths = (
				"${PODS_PODFILE_DIR_PATH}/Podfile.lock",
				"${PODS_ROOT}/Manifest.lock",
			);
			name = "[CP] Check Pods Manifest.lock";
			outputPaths = (
				"$(DERIVED_FILE_DIR)/Pods-CoverMeUITests-checkManifestLockResult.txt",
			);
			runOnlyForDeploymentPostprocessing = 0;
			shellPath = /bin/sh;
			shellScript = "diff \"${PODS_PODFILE_DIR_PATH}/Podfile.lock\" \"${PODS_ROOT}/Manifest.lock\" > /dev/null\nif [ $? != 0 ] ; then\n    # print error to STDERR\n    echo \"error: The sandbox is not in sync with the Podfile.lock. Run 'pod install' or update your CocoaPods installation.\" >&2\n    exit 1\nfi\n# This output is used by Xcode 'outputs' to avoid re-running this script phase.\necho \"SUCCESS\" > \"${SCRIPT_OUTPUT_FILE_0}\"\n";
			showEnvVarsInLog = 0;
		};
		720077B5204256C5778840E9 /* [CP] Check Pods Manifest.lock */ = {
			isa = PBXShellScriptBuildPhase;
			buildActionMask = 2147483647;
			files = (
			);
			inputPaths = (
				"${PODS_PODFILE_DIR_PATH}/Podfile.lock",
				"${PODS_ROOT}/Manifest.lock",
			);
			name = "[CP] Check Pods Manifest.lock";
			outputPaths = (
				"$(DERIVED_FILE_DIR)/Pods-CoverMeTests-checkManifestLockResult.txt",
			);
			runOnlyForDeploymentPostprocessing = 0;
			shellPath = /bin/sh;
			shellScript = "diff \"${PODS_PODFILE_DIR_PATH}/Podfile.lock\" \"${PODS_ROOT}/Manifest.lock\" > /dev/null\nif [ $? != 0 ] ; then\n    # print error to STDERR\n    echo \"error: The sandbox is not in sync with the Podfile.lock. Run 'pod install' or update your CocoaPods installation.\" >&2\n    exit 1\nfi\n# This output is used by Xcode 'outputs' to avoid re-running this script phase.\necho \"SUCCESS\" > \"${SCRIPT_OUTPUT_FILE_0}\"\n";
			showEnvVarsInLog = 0;
		};
		7733BCD7C52A6AC6F5844CEF /* [CP] Embed Pods Frameworks */ = {
			isa = PBXShellScriptBuildPhase;
			buildActionMask = 2147483647;
			files = (
			);
			inputPaths = (
			);
			name = "[CP] Embed Pods Frameworks";
			outputPaths = (
			);
			runOnlyForDeploymentPostprocessing = 0;
			shellPath = /bin/sh;
			shellScript = "\"${SRCROOT}/Pods/Target Support Files/Pods-CoverMe/Pods-CoverMe-frameworks.sh\"\n";
			showEnvVarsInLog = 0;
		};
		9C0FD03BBE7F7A5883282A04 /* [CP] Check Pods Manifest.lock */ = {
			isa = PBXShellScriptBuildPhase;
			buildActionMask = 2147483647;
			files = (
			);
			inputPaths = (
				"${PODS_PODFILE_DIR_PATH}/Podfile.lock",
				"${PODS_ROOT}/Manifest.lock",
			);
			name = "[CP] Check Pods Manifest.lock";
			outputPaths = (
				"$(DERIVED_FILE_DIR)/Pods-CoverMe-checkManifestLockResult.txt",
			);
			runOnlyForDeploymentPostprocessing = 0;
			shellPath = /bin/sh;
			shellScript = "diff \"${PODS_PODFILE_DIR_PATH}/Podfile.lock\" \"${PODS_ROOT}/Manifest.lock\" > /dev/null\nif [ $? != 0 ] ; then\n    # print error to STDERR\n    echo \"error: The sandbox is not in sync with the Podfile.lock. Run 'pod install' or update your CocoaPods installation.\" >&2\n    exit 1\nfi\n# This output is used by Xcode 'outputs' to avoid re-running this script phase.\necho \"SUCCESS\" > \"${SCRIPT_OUTPUT_FILE_0}\"\n";
			showEnvVarsInLog = 0;
		};
		AE1149099C272FB476D55CF8 /* [CP] Copy Pods Resources */ = {
			isa = PBXShellScriptBuildPhase;
			buildActionMask = 2147483647;
			files = (
			);
			inputPaths = (
			);
			name = "[CP] Copy Pods Resources";
			outputPaths = (
			);
			runOnlyForDeploymentPostprocessing = 0;
			shellPath = /bin/sh;
			shellScript = "\"${SRCROOT}/Pods/Target Support Files/Pods-CoverMeUITests/Pods-CoverMeUITests-resources.sh\"\n";
			showEnvVarsInLog = 0;
		};
		B393AF079EFE4F165145B115 /* [CP] Copy Pods Resources */ = {
			isa = PBXShellScriptBuildPhase;
			buildActionMask = 2147483647;
			files = (
			);
			inputPaths = (
			);
			name = "[CP] Copy Pods Resources";
			outputPaths = (
			);
			runOnlyForDeploymentPostprocessing = 0;
			shellPath = /bin/sh;
			shellScript = "\"${SRCROOT}/Pods/Target Support Files/Pods-CoverMe/Pods-CoverMe-resources.sh\"\n";
			showEnvVarsInLog = 0;
		};
		E671B1856C804BC9C482F464 /* [CP] Embed Pods Frameworks */ = {
			isa = PBXShellScriptBuildPhase;
			buildActionMask = 2147483647;
			files = (
			);
			inputPaths = (
			);
			name = "[CP] Embed Pods Frameworks";
			outputPaths = (
			);
			runOnlyForDeploymentPostprocessing = 0;
			shellPath = /bin/sh;
			shellScript = "\"${SRCROOT}/Pods/Target Support Files/Pods-CoverMeTests/Pods-CoverMeTests-frameworks.sh\"\n";
			showEnvVarsInLog = 0;
		};
/* End PBXShellScriptBuildPhase section */

/* Begin PBXSourcesBuildPhase section */
		D8A59E0A1FB8DFAD00B4F9A5 /* Sources */ = {
			isa = PBXSourcesBuildPhase;
			buildActionMask = 2147483647;
			files = (
				D8A59E161FB8DFAD00B4F9A5 /* ViewController.m in Sources */,
				5A7F8A851FC5F4A900FEFA2B /* OverViewController.m in Sources */,
				D8A59E211FB8DFAD00B4F9A5 /* main.m in Sources */,
				5AF93EC01FCF5A160083FDE2 /* User.m in Sources */,
				5A680E5A1FC4111A002E1E9E /* EmployeeViewController.m in Sources */,
				D8A59E131FB8DFAD00B4F9A5 /* AppDelegate.m in Sources */,
			);
			runOnlyForDeploymentPostprocessing = 0;
		};
		D8A59E221FB8DFAD00B4F9A5 /* Sources */ = {
			isa = PBXSourcesBuildPhase;
			buildActionMask = 2147483647;
			files = (
				D8A59E2B1FB8DFAD00B4F9A5 /* CoverMeTests.m in Sources */,
			);
			runOnlyForDeploymentPostprocessing = 0;
		};
		D8A59E2D1FB8DFAD00B4F9A5 /* Sources */ = {
			isa = PBXSourcesBuildPhase;
			buildActionMask = 2147483647;
			files = (
				D8A59E361FB8DFAD00B4F9A5 /* CoverMeUITests.m in Sources */,
			);
			runOnlyForDeploymentPostprocessing = 0;
		};
/* End PBXSourcesBuildPhase section */

/* Begin PBXTargetDependency section */
		D8A59E281FB8DFAD00B4F9A5 /* PBXTargetDependency */ = {
			isa = PBXTargetDependency;
			target = D8A59E0D1FB8DFAD00B4F9A5 /* CoverMe */;
			targetProxy = D8A59E271FB8DFAD00B4F9A5 /* PBXContainerItemProxy */;
		};
		D8A59E331FB8DFAD00B4F9A5 /* PBXTargetDependency */ = {
			isa = PBXTargetDependency;
			target = D8A59E0D1FB8DFAD00B4F9A5 /* CoverMe */;
			targetProxy = D8A59E321FB8DFAD00B4F9A5 /* PBXContainerItemProxy */;
		};
/* End PBXTargetDependency section */

/* Begin PBXVariantGroup section */
		D8A59E171FB8DFAD00B4F9A5 /* Main.storyboard */ = {
			isa = PBXVariantGroup;
			children = (
				D8A59E181FB8DFAD00B4F9A5 /* Base */,
			);
			name = Main.storyboard;
			sourceTree = "<group>";
		};
		D8A59E1C1FB8DFAD00B4F9A5 /* LaunchScreen.storyboard */ = {
			isa = PBXVariantGroup;
			children = (
				D8A59E1D1FB8DFAD00B4F9A5 /* Base */,
			);
			name = LaunchScreen.storyboard;
			sourceTree = "<group>";
		};
/* End PBXVariantGroup section */

/* Begin XCBuildConfiguration section */
		D8A59E381FB8DFAD00B4F9A5 /* Debug */ = {
			isa = XCBuildConfiguration;
			buildSettings = {
				ALWAYS_SEARCH_USER_PATHS = NO;
				CLANG_ANALYZER_NONNULL = YES;
				CLANG_ANALYZER_NUMBER_OBJECT_CONVERSION = YES_AGGRESSIVE;
				CLANG_CXX_LANGUAGE_STANDARD = "gnu++14";
				CLANG_CXX_LIBRARY = "libc++";
				CLANG_ENABLE_MODULES = YES;
				CLANG_ENABLE_OBJC_ARC = YES;
				CLANG_WARN_BLOCK_CAPTURE_AUTORELEASING = YES;
				CLANG_WARN_BOOL_CONVERSION = YES;
				CLANG_WARN_COMMA = YES;
				CLANG_WARN_CONSTANT_CONVERSION = YES;
				CLANG_WARN_DIRECT_OBJC_ISA_USAGE = YES_ERROR;
				CLANG_WARN_DOCUMENTATION_COMMENTS = YES;
				CLANG_WARN_EMPTY_BODY = YES;
				CLANG_WARN_ENUM_CONVERSION = YES;
				CLANG_WARN_INFINITE_RECURSION = YES;
				CLANG_WARN_INT_CONVERSION = YES;
				CLANG_WARN_NON_LITERAL_NULL_CONVERSION = YES;
				CLANG_WARN_OBJC_LITERAL_CONVERSION = YES;
				CLANG_WARN_OBJC_ROOT_CLASS = YES_ERROR;
				CLANG_WARN_RANGE_LOOP_ANALYSIS = YES;
				CLANG_WARN_STRICT_PROTOTYPES = YES;
				CLANG_WARN_SUSPICIOUS_MOVE = YES;
				CLANG_WARN_UNGUARDED_AVAILABILITY = YES_AGGRESSIVE;
				CLANG_WARN_UNREACHABLE_CODE = YES;
				CLANG_WARN__DUPLICATE_METHOD_MATCH = YES;
				CODE_SIGN_IDENTITY = "iPhone Developer";
				COPY_PHASE_STRIP = NO;
				DEBUG_INFORMATION_FORMAT = dwarf;
				ENABLE_STRICT_OBJC_MSGSEND = YES;
				ENABLE_TESTABILITY = YES;
				GCC_C_LANGUAGE_STANDARD = gnu11;
				GCC_DYNAMIC_NO_PIC = NO;
				GCC_NO_COMMON_BLOCKS = YES;
				GCC_OPTIMIZATION_LEVEL = 0;
				GCC_PREPROCESSOR_DEFINITIONS = (
					"DEBUG=1",
					"$(inherited)",
				);
				GCC_WARN_64_TO_32_BIT_CONVERSION = YES;
				GCC_WARN_ABOUT_RETURN_TYPE = YES_ERROR;
				GCC_WARN_UNDECLARED_SELECTOR = YES;
				GCC_WARN_UNINITIALIZED_AUTOS = YES_AGGRESSIVE;
				GCC_WARN_UNUSED_FUNCTION = YES;
				GCC_WARN_UNUSED_VARIABLE = YES;
				IPHONEOS_DEPLOYMENT_TARGET = 11.1;
				MTL_ENABLE_DEBUG_INFO = YES;
				ONLY_ACTIVE_ARCH = YES;
				SDKROOT = iphoneos;
			};
			name = Debug;
		};
		D8A59E391FB8DFAD00B4F9A5 /* Release */ = {
			isa = XCBuildConfiguration;
			buildSettings = {
				ALWAYS_SEARCH_USER_PATHS = NO;
				CLANG_ANALYZER_NONNULL = YES;
				CLANG_ANALYZER_NUMBER_OBJECT_CONVERSION = YES_AGGRESSIVE;
				CLANG_CXX_LANGUAGE_STANDARD = "gnu++14";
				CLANG_CXX_LIBRARY = "libc++";
				CLANG_ENABLE_MODULES = YES;
				CLANG_ENABLE_OBJC_ARC = YES;
				CLANG_WARN_BLOCK_CAPTURE_AUTORELEASING = YES;
				CLANG_WARN_BOOL_CONVERSION = YES;
				CLANG_WARN_COMMA = YES;
				CLANG_WARN_CONSTANT_CONVERSION = YES;
				CLANG_WARN_DIRECT_OBJC_ISA_USAGE = YES_ERROR;
				CLANG_WARN_DOCUMENTATION_COMMENTS = YES;
				CLANG_WARN_EMPTY_BODY = YES;
				CLANG_WARN_ENUM_CONVERSION = YES;
				CLANG_WARN_INFINITE_RECURSION = YES;
				CLANG_WARN_INT_CONVERSION = YES;
				CLANG_WARN_NON_LITERAL_NULL_CONVERSION = YES;
				CLANG_WARN_OBJC_LITERAL_CONVERSION = YES;
				CLANG_WARN_OBJC_ROOT_CLASS = YES_ERROR;
				CLANG_WARN_RANGE_LOOP_ANALYSIS = YES;
				CLANG_WARN_STRICT_PROTOTYPES = YES;
				CLANG_WARN_SUSPICIOUS_MOVE = YES;
				CLANG_WARN_UNGUARDED_AVAILABILITY = YES_AGGRESSIVE;
				CLANG_WARN_UNREACHABLE_CODE = YES;
				CLANG_WARN__DUPLICATE_METHOD_MATCH = YES;
				CODE_SIGN_IDENTITY = "iPhone Developer";
				COPY_PHASE_STRIP = NO;
				DEBUG_INFORMATION_FORMAT = "dwarf-with-dsym";
				ENABLE_NS_ASSERTIONS = NO;
				ENABLE_STRICT_OBJC_MSGSEND = YES;
				GCC_C_LANGUAGE_STANDARD = gnu11;
				GCC_NO_COMMON_BLOCKS = YES;
				GCC_WARN_64_TO_32_BIT_CONVERSION = YES;
				GCC_WARN_ABOUT_RETURN_TYPE = YES_ERROR;
				GCC_WARN_UNDECLARED_SELECTOR = YES;
				GCC_WARN_UNINITIALIZED_AUTOS = YES_AGGRESSIVE;
				GCC_WARN_UNUSED_FUNCTION = YES;
				GCC_WARN_UNUSED_VARIABLE = YES;
				IPHONEOS_DEPLOYMENT_TARGET = 11.1;
				MTL_ENABLE_DEBUG_INFO = NO;
				SDKROOT = iphoneos;
				VALIDATE_PRODUCT = YES;
			};
			name = Release;
		};
		D8A59E3B1FB8DFAD00B4F9A5 /* Debug */ = {
			isa = XCBuildConfiguration;
			baseConfigurationReference = A41477940E84C1C5EBC07C10 /* Pods-CoverMe.debug.xcconfig */;
			buildSettings = {
				ASSETCATALOG_COMPILER_APPICON_NAME = AppIcon;
				CODE_SIGN_STYLE = Automatic;
				INFOPLIST_FILE = CoverMe/Info.plist;
				IPHONEOS_DEPLOYMENT_TARGET = 10.3;
				LD_RUNPATH_SEARCH_PATHS = "$(inherited) @executable_path/Frameworks";
				PRODUCT_BUNDLE_IDENTIFIER = com.CoverMe;
				PRODUCT_NAME = "$(TARGET_NAME)";
				TARGETED_DEVICE_FAMILY = "1,2";
			};
			name = Debug;
		};
		D8A59E3C1FB8DFAD00B4F9A5 /* Release */ = {
			isa = XCBuildConfiguration;
			baseConfigurationReference = DB507A04028FEAB2C8774FD2 /* Pods-CoverMe.release.xcconfig */;
			buildSettings = {
				ASSETCATALOG_COMPILER_APPICON_NAME = AppIcon;
				CODE_SIGN_STYLE = Automatic;
				INFOPLIST_FILE = CoverMe/Info.plist;
				IPHONEOS_DEPLOYMENT_TARGET = 10.3;
				LD_RUNPATH_SEARCH_PATHS = "$(inherited) @executable_path/Frameworks";
				PRODUCT_BUNDLE_IDENTIFIER = com.CoverMe;
				PRODUCT_NAME = "$(TARGET_NAME)";
				TARGETED_DEVICE_FAMILY = "1,2";
			};
			name = Release;
		};
		D8A59E3E1FB8DFAD00B4F9A5 /* Debug */ = {
			isa = XCBuildConfiguration;
			baseConfigurationReference = 587841C9F4B2A2E995A41D66 /* Pods-CoverMeTests.debug.xcconfig */;
			buildSettings = {
				BUNDLE_LOADER = "$(TEST_HOST)";
				CODE_SIGN_STYLE = Automatic;
				INFOPLIST_FILE = CoverMeTests/Info.plist;
				LD_RUNPATH_SEARCH_PATHS = "$(inherited) @executable_path/Frameworks @loader_path/Frameworks";
				PRODUCT_BUNDLE_IDENTIFIER = com.CoverMeTests;
				PRODUCT_NAME = "$(TARGET_NAME)";
				TARGETED_DEVICE_FAMILY = "1,2";
				TEST_HOST = "$(BUILT_PRODUCTS_DIR)/CoverMe.app/CoverMe";
			};
			name = Debug;
		};
		D8A59E3F1FB8DFAD00B4F9A5 /* Release */ = {
			isa = XCBuildConfiguration;
			baseConfigurationReference = A9032C64FACC916035CB533D /* Pods-CoverMeTests.release.xcconfig */;
			buildSettings = {
				BUNDLE_LOADER = "$(TEST_HOST)";
				CODE_SIGN_STYLE = Automatic;
				INFOPLIST_FILE = CoverMeTests/Info.plist;
				LD_RUNPATH_SEARCH_PATHS = "$(inherited) @executable_path/Frameworks @loader_path/Frameworks";
				PRODUCT_BUNDLE_IDENTIFIER = com.CoverMeTests;
				PRODUCT_NAME = "$(TARGET_NAME)";
				TARGETED_DEVICE_FAMILY = "1,2";
				TEST_HOST = "$(BUILT_PRODUCTS_DIR)/CoverMe.app/CoverMe";
			};
			name = Release;
		};
		D8A59E411FB8DFAD00B4F9A5 /* Debug */ = {
			isa = XCBuildConfiguration;
			baseConfigurationReference = D346309D944C8D3DF49152AF /* Pods-CoverMeUITests.debug.xcconfig */;
			buildSettings = {
				CODE_SIGN_STYLE = Automatic;
				INFOPLIST_FILE = CoverMeUITests/Info.plist;
				LD_RUNPATH_SEARCH_PATHS = "$(inherited) @executable_path/Frameworks @loader_path/Frameworks";
				PRODUCT_BUNDLE_IDENTIFIER = com.CoverMeUITests;
				PRODUCT_NAME = "$(TARGET_NAME)";
				TARGETED_DEVICE_FAMILY = "1,2";
				TEST_TARGET_NAME = CoverMe;
			};
			name = Debug;
		};
		D8A59E421FB8DFAD00B4F9A5 /* Release */ = {
			isa = XCBuildConfiguration;
			baseConfigurationReference = 173119A7E625D949C24CD005 /* Pods-CoverMeUITests.release.xcconfig */;
			buildSettings = {
				CODE_SIGN_STYLE = Automatic;
				INFOPLIST_FILE = CoverMeUITests/Info.plist;
				LD_RUNPATH_SEARCH_PATHS = "$(inherited) @executable_path/Frameworks @loader_path/Frameworks";
				PRODUCT_BUNDLE_IDENTIFIER = com.CoverMeUITests;
				PRODUCT_NAME = "$(TARGET_NAME)";
				TARGETED_DEVICE_FAMILY = "1,2";
				TEST_TARGET_NAME = CoverMe;
			};
			name = Release;
		};
/* End XCBuildConfiguration section */

/* Begin XCConfigurationList section */
		D8A59E091FB8DFAD00B4F9A5 /* Build configuration list for PBXProject "CoverMe" */ = {
			isa = XCConfigurationList;
			buildConfigurations = (
				D8A59E381FB8DFAD00B4F9A5 /* Debug */,
				D8A59E391FB8DFAD00B4F9A5 /* Release */,
			);
			defaultConfigurationIsVisible = 0;
			defaultConfigurationName = Release;
		};
		D8A59E3A1FB8DFAD00B4F9A5 /* Build configuration list for PBXNativeTarget "CoverMe" */ = {
			isa = XCConfigurationList;
			buildConfigurations = (
				D8A59E3B1FB8DFAD00B4F9A5 /* Debug */,
				D8A59E3C1FB8DFAD00B4F9A5 /* Release */,
			);
			defaultConfigurationIsVisible = 0;
			defaultConfigurationName = Release;
		};
		D8A59E3D1FB8DFAD00B4F9A5 /* Build configuration list for PBXNativeTarget "CoverMeTests" */ = {
			isa = XCConfigurationList;
			buildConfigurations = (
				D8A59E3E1FB8DFAD00B4F9A5 /* Debug */,
				D8A59E3F1FB8DFAD00B4F9A5 /* Release */,
			);
			defaultConfigurationIsVisible = 0;
			defaultConfigurationName = Release;
		};
		D8A59E401FB8DFAD00B4F9A5 /* Build configuration list for PBXNativeTarget "CoverMeUITests" */ = {
			isa = XCConfigurationList;
			buildConfigurations = (
				D8A59E411FB8DFAD00B4F9A5 /* Debug */,
				D8A59E421FB8DFAD00B4F9A5 /* Release */,
			);
			defaultConfigurationIsVisible = 0;
			defaultConfigurationName = Release;
		};
/* End XCConfigurationList section */
	};
	rootObject = D8A59E061FB8DFAD00B4F9A5 /* Project object */;
}
